// !$*UTF8*$!
{
	archiveVersion = 1;
	classes = {
	};
	objectVersion = 50;
	objects = {

/* Begin PBXBuildFile section */
		92E10685233A58B700826CE8 /* AppDelegate.swift in Sources */ = {isa = PBXBuildFile; fileRef = 92E10684233A58B700826CE8 /* AppDelegate.swift */; };
		92E10687233A58B700826CE8 /* ViewController.swift in Sources */ = {isa = PBXBuildFile; fileRef = 92E10686233A58B700826CE8 /* ViewController.swift */; };
		92E1068A233A58B700826CE8 /* Main.storyboard in Resources */ = {isa = PBXBuildFile; fileRef = 92E10688233A58B700826CE8 /* Main.storyboard */; };
		92E1068C233A58B700826CE8 /* Assets.xcassets in Resources */ = {isa = PBXBuildFile; fileRef = 92E1068B233A58B700826CE8 /* Assets.xcassets */; };
		92E1068F233A58B700826CE8 /* LaunchScreen.storyboard in Resources */ = {isa = PBXBuildFile; fileRef = 92E1068D233A58B700826CE8 /* LaunchScreen.storyboard */; };
		92E1069A233A58B700826CE8 /* DataSourceExampleTests.swift in Sources */ = {isa = PBXBuildFile; fileRef = 92E10699233A58B700826CE8 /* DataSourceExampleTests.swift */; };
/* End PBXBuildFile section */

/* Begin PBXContainerItemProxy section */
		92E10696233A58B700826CE8 /* PBXContainerItemProxy */ = {
			isa = PBXContainerItemProxy;
			containerPortal = 92E10679233A58B700826CE8 /* Project object */;
			proxyType = 1;
			remoteGlobalIDString = 92E10680233A58B700826CE8;
			remoteInfo = DataSourceExample;
		};
/* End PBXContainerItemProxy section */

/* Begin PBXFileReference section */
		92E10681233A58B700826CE8 /* DataSourceExample.app */ = {isa = PBXFileReference; explicitFileType = wrapper.application; includeInIndex = 0; path = DataSourceExample.app; sourceTree = BUILT_PRODUCTS_DIR; };
		92E10684233A58B700826CE8 /* AppDelegate.swift */ = {isa = PBXFileReference; lastKnownFileType = sourcecode.swift; path = AppDelegate.swift; sourceTree = "<group>"; };
		92E10686233A58B700826CE8 /* ViewController.swift */ = {isa = PBXFileReference; lastKnownFileType = sourcecode.swift; path = ViewController.swift; sourceTree = "<group>"; };
		92E10689233A58B700826CE8 /* Base */ = {isa = PBXFileReference; lastKnownFileType = file.storyboard; name = Base; path = Base.lproj/Main.storyboard; sourceTree = "<group>"; };
		92E1068B233A58B700826CE8 /* Assets.xcassets */ = {isa = PBXFileReference; lastKnownFileType = folder.assetcatalog; path = Assets.xcassets; sourceTree = "<group>"; };
		92E1068E233A58B700826CE8 /* Base */ = {isa = PBXFileReference; lastKnownFileType = file.storyboard; name = Base; path = Base.lproj/LaunchScreen.storyboard; sourceTree = "<group>"; };
		92E10690233A58B700826CE8 /* Info.plist */ = {isa = PBXFileReference; lastKnownFileType = text.plist.xml; path = Info.plist; sourceTree = "<group>"; };
		92E10695233A58B700826CE8 /* DataSourceExampleTests.xctest */ = {isa = PBXFileReference; explicitFileType = wrapper.cfbundle; includeInIndex = 0; path = DataSourceExampleTests.xctest; sourceTree = BUILT_PRODUCTS_DIR; };
		92E10699233A58B700826CE8 /* DataSourceExampleTests.swift */ = {isa = PBXFileReference; lastKnownFileType = sourcecode.swift; path = DataSourceExampleTests.swift; sourceTree = "<group>"; };
		92E1069B233A58B700826CE8 /* Info.plist */ = {isa = PBXFileReference; lastKnownFileType = text.plist.xml; path = Info.plist; sourceTree = "<group>"; };
/* End PBXFileReference section */

/* Begin PBXFrameworksBuildPhase section */
		92E1067E233A58B700826CE8 /* Frameworks */ = {
			isa = PBXFrameworksBuildPhase;
			buildActionMask = 2147483647;
			files = (
			);
			runOnlyForDeploymentPostprocessing = 0;
		};
		92E10692233A58B700826CE8 /* Frameworks */ = {
			isa = PBXFrameworksBuildPhase;
			buildActionMask = 2147483647;
			files = (
			);
			runOnlyForDeploymentPostprocessing = 0;
		};
/* End PBXFrameworksBuildPhase section */

/* Begin PBXGroup section */
		92E10678233A58B700826CE8 = {
			isa = PBXGroup;
			children = (
				92E10683233A58B700826CE8 /* DataSourceExample */,
				92E10698233A58B700826CE8 /* DataSourceExampleTests */,
				92E10682233A58B700826CE8 /* Products */,
			);
			sourceTree = "<group>";
		};
		92E10682233A58B700826CE8 /* Products */ = {
			isa = PBXGroup;
			children = (
				92E10681233A58B700826CE8 /* DataSourceExample.app */,
				92E10695233A58B700826CE8 /* DataSourceExampleTests.xctest */,
			);
			name = Products;
			sourceTree = "<group>";
		};
		92E10683233A58B700826CE8 /* DataSourceExample */ = {
			isa = PBXGroup;
			children = (
				92E10684233A58B700826CE8 /* AppDelegate.swift */,
				92E10686233A58B700826CE8 /* ViewController.swift */,
				92E10688233A58B700826CE8 /* Main.storyboard */,
				92E1068B233A58B700826CE8 /* Assets.xcassets */,
				92E1068D233A58B700826CE8 /* LaunchScreen.storyboard */,
				92E10690233A58B700826CE8 /* Info.plist */,
			);
			path = DataSourceExample;
			sourceTree = "<group>";
		};
		92E10698233A58B700826CE8 /* DataSourceExampleTests */ = {
			isa = PBXGroup;
			children = (
				92E10699233A58B700826CE8 /* DataSourceExampleTests.swift */,
				92E1069B233A58B700826CE8 /* Info.plist */,
			);
			path = DataSourceExampleTests;
			sourceTree = "<group>";
		};
/* End PBXGroup section */

/* Begin PBXNativeTarget section */
		92E10680233A58B700826CE8 /* DataSourceExample */ = {
			isa = PBXNativeTarget;
			buildConfigurationList = 92E1069E233A58B700826CE8 /* Build configuration list for PBXNativeTarget "DataSourceExample" */;
			buildPhases = (
				92E1067D233A58B700826CE8 /* Sources */,
				92E1067E233A58B700826CE8 /* Frameworks */,
				92E1067F233A58B700826CE8 /* Resources */,
			);
			buildRules = (
			);
			dependencies = (
			);
			name = DataSourceExample;
			productName = DataSourceExample;
			productReference = 92E10681233A58B700826CE8 /* DataSourceExample.app */;
			productType = "com.apple.product-type.application";
		};
		92E10694233A58B700826CE8 /* DataSourceExampleTests */ = {
			isa = PBXNativeTarget;
			buildConfigurationList = 92E106A1233A58B700826CE8 /* Build configuration list for PBXNativeTarget "DataSourceExampleTests" */;
			buildPhases = (
				92E10691233A58B700826CE8 /* Sources */,
				92E10692233A58B700826CE8 /* Frameworks */,
				92E10693233A58B700826CE8 /* Resources */,
			);
			buildRules = (
			);
			dependencies = (
				92E10697233A58B700826CE8 /* PBXTargetDependency */,
			);
			name = DataSourceExampleTests;
			productName = DataSourceExampleTests;
			productReference = 92E10695233A58B700826CE8 /* DataSourceExampleTests.xctest */;
			productType = "com.apple.product-type.bundle.unit-test";
		};
/* End PBXNativeTarget section */

/* Begin PBXProject section */
		92E10679233A58B700826CE8 /* Project object */ = {
			isa = PBXProject;
			attributes = {
				LastSwiftUpdateCheck = 1030;
				LastUpgradeCheck = 1030;
				ORGANIZATIONNAME = "Serhii Syrotynin";
				TargetAttributes = {
					92E10680233A58B700826CE8 = {
						CreatedOnToolsVersion = 10.3;
					};
					92E10694233A58B700826CE8 = {
						CreatedOnToolsVersion = 10.3;
						TestTargetID = 92E10680233A58B700826CE8;
					};
				};
			};
			buildConfigurationList = 92E1067C233A58B700826CE8 /* Build configuration list for PBXProject "DataSourceExample" */;
			compatibilityVersion = "Xcode 9.3";
			developmentRegion = en;
			hasScannedForEncodings = 0;
			knownRegions = (
				en,
				Base,
			);
			mainGroup = 92E10678233A58B700826CE8;
			productRefGroup = 92E10682233A58B700826CE8 /* Products */;
			projectDirPath = "";
			projectRoot = "";
			targets = (
				92E10680233A58B700826CE8 /* DataSourceExample */,
				92E10694233A58B700826CE8 /* DataSourceExampleTests */,
			);
		};
/* End PBXProject section */

/* Begin PBXResourcesBuildPhase section */
		92E1067F233A58B700826CE8 /* Resources */ = {
			isa = PBXResourcesBuildPhase;
			buildActionMask = 2147483647;
			files = (
				92E1068F233A58B700826CE8 /* LaunchScreen.storyboard in Resources */,
				92E1068C233A58B700826CE8 /* Assets.xcassets in Resources */,
				92E1068A233A58B700826CE8 /* Main.storyboard in Resources */,
			);
			runOnlyForDeploymentPostprocessing = 0;
		};
		92E10693233A58B700826CE8 /* Resources */ = {
			isa = PBXResourcesBuildPhase;
			buildActionMask = 2147483647;
			files = (
			);
			runOnlyForDeploymentPostprocessing = 0;
		};
/* End PBXResourcesBuildPhase section */

/* Begin PBXSourcesBuildPhase section */
		92E1067D233A58B700826CE8 /* Sources */ = {
			isa = PBXSourcesBuildPhase;
			buildActionMask = 2147483647;
			files = (
				92E10687233A58B700826CE8 /* ViewController.swift in Sources */,
				92E10685233A58B700826CE8 /* AppDelegate.swift in Sources */,
			);
			runOnlyForDeploymentPostprocessing = 0;
		};
		92E10691233A58B700826CE8 /* Sources */ = {
			isa = PBXSourcesBuildPhase;
			buildActionMask = 2147483647;
			files = (
				92E1069A233A58B700826CE8 /* DataSourceExampleTests.swift in Sources */,
			);
			runOnlyForDeploymentPostprocessing = 0;
		};
/* End PBXSourcesBuildPhase section */

/* Begin PBXTargetDependency section */
		92E10697233A58B700826CE8 /* PBXTargetDependency */ = {
			isa = PBXTargetDependency;
			target = 92E10680233A58B700826CE8 /* DataSourceExample */;
			targetProxy = 92E10696233A58B700826CE8 /* PBXContainerItemProxy */;
		};
/* End PBXTargetDependency section */

/* Begin PBXVariantGroup section */
		92E10688233A58B700826CE8 /* Main.storyboard */ = {
			isa = PBXVariantGroup;
			children = (
				92E10689233A58B700826CE8 /* Base */,
			);
			name = Main.storyboard;
			sourceTree = "<group>";
		};
		92E1068D233A58B700826CE8 /* LaunchScreen.storyboard */ = {
			isa = PBXVariantGroup;
			children = (
				92E1068E233A58B700826CE8 /* Base */,
			);
			name = LaunchScreen.storyboard;
			sourceTree = "<group>";
		};
/* End PBXVariantGroup section */

/* Begin XCBuildConfiguration section */
		92E1069C233A58B700826CE8 /* Debug */ = {
			isa = XCBuildConfiguration;
			buildSettings = {
				ALWAYS_SEARCH_USER_PATHS = NO;
				CLANG_ANALYZER_NONNULL = YES;
				CLANG_ANALYZER_NUMBER_OBJECT_CONVERSION = YES_AGGRESSIVE;
				CLANG_CXX_LANGUAGE_STANDARD = "gnu++14";
				CLANG_CXX_LIBRARY = "libc++";
				CLANG_ENABLE_MODULES = YES;
				CLANG_ENABLE_OBJC_ARC = YES;
				CLANG_ENABLE_OBJC_WEAK = YES;
				CLANG_WARN_BLOCK_CAPTURE_AUTORELEASING = YES;
				CLANG_WARN_BOOL_CONVERSION = YES;
				CLANG_WARN_COMMA = YES;
				CLANG_WARN_CONSTANT_CONVERSION = YES;
				CLANG_WARN_DEPRECATED_OBJC_IMPLEMENTATIONS = YES;
				CLANG_WARN_DIRECT_OBJC_ISA_USAGE = YES_ERROR;
				CLANG_WARN_DOCUMENTATION_COMMENTS = YES;
				CLANG_WARN_EMPTY_BODY = YES;
				CLANG_WARN_ENUM_CONVERSION = YES;
				CLANG_WARN_INFINITE_RECURSION = YES;
				CLANG_WARN_INT_CONVERSION = YES;
				CLANG_WARN_NON_LITERAL_NULL_CONVERSION = YES;
				CLANG_WARN_OBJC_IMPLICIT_RETAIN_SELF = YES;
				CLANG_WARN_OBJC_LITERAL_CONVERSION = YES;
				CLANG_WARN_OBJC_ROOT_CLASS = YES_ERROR;
				CLANG_WARN_RANGE_LOOP_ANALYSIS = YES;
				CLANG_WARN_STRICT_PROTOTYPES = YES;
				CLANG_WARN_SUSPICIOUS_MOVE = YES;
				CLANG_WARN_UNGUARDED_AVAILABILITY = YES_AGGRESSIVE;
				CLANG_WARN_UNREACHABLE_CODE = YES;
				CLANG_WARN__DUPLICATE_METHOD_MATCH = YES;
				CODE_SIGN_IDENTITY = "iPhone Developer";
				COPY_PHASE_STRIP = NO;
				DEBUG_INFORMATION_FORMAT = dwarf;
				ENABLE_STRICT_OBJC_MSGSEND = YES;
				ENABLE_TESTABILITY = YES;
				GCC_C_LANGUAGE_STANDARD = gnu11;
				GCC_DYNAMIC_NO_PIC = NO;
				GCC_NO_COMMON_BLOCKS = YES;
				GCC_OPTIMIZATION_LEVEL = 0;
				GCC_PREPROCESSOR_DEFINITIONS = (
					"DEBUG=1",
					"$(inherited)",
				);
				GCC_WARN_64_TO_32_BIT_CONVERSION = YES;
				GCC_WARN_ABOUT_RETURN_TYPE = YES_ERROR;
				GCC_WARN_UNDECLARED_SELECTOR = YES;
				GCC_WARN_UNINITIALIZED_AUTOS = YES_AGGRESSIVE;
				GCC_WARN_UNUSED_FUNCTION = YES;
				GCC_WARN_UNUSED_VARIABLE = YES;
				IPHONEOS_DEPLOYMENT_TARGET = 12.4;
				MTL_ENABLE_DEBUG_INFO = INCLUDE_SOURCE;
				MTL_FAST_MATH = YES;
				ONLY_ACTIVE_ARCH = YES;
				SDKROOT = iphoneos;
				SWIFT_ACTIVE_COMPILATION_CONDITIONS = DEBUG;
				SWIFT_OPTIMIZATION_LEVEL = "-Onone";
			};
			name = Debug;
		};
		92E1069D233A58B700826CE8 /* Release */ = {
			isa = XCBuildConfiguration;
			buildSettings = {
				ALWAYS_SEARCH_USER_PATHS = NO;
				CLANG_ANALYZER_NONNULL = YES;
				CLANG_ANALYZER_NUMBER_OBJECT_CONVERSION = YES_AGGRESSIVE;
				CLANG_CXX_LANGUAGE_STANDARD = "gnu++14";
				CLANG_CXX_LIBRARY = "libc++";
				CLANG_ENABLE_MODULES = YES;
				CLANG_ENABLE_OBJC_ARC = YES;
				CLANG_ENABLE_OBJC_WEAK = YES;
				CLANG_WARN_BLOCK_CAPTURE_AUTORELEASING = YES;
				CLANG_WARN_BOOL_CONVERSION = YES;
				CLANG_WARN_COMMA = YES;
				CLANG_WARN_CONSTANT_CONVERSION = YES;
				CLANG_WARN_DEPRECATED_OBJC_IMPLEMENTATIONS = YES;
				CLANG_WARN_DIRECT_OBJC_ISA_USAGE = YES_ERROR;
				CLANG_WARN_DOCUMENTATION_COMMENTS = YES;
				CLANG_WARN_EMPTY_BODY = YES;
				CLANG_WARN_ENUM_CONVERSION = YES;
				CLANG_WARN_INFINITE_RECURSION = YES;
				CLANG_WARN_INT_CONVERSION = YES;
				CLANG_WARN_NON_LITERAL_NULL_CONVERSION = YES;
				CLANG_WARN_OBJC_IMPLICIT_RETAIN_SELF = YES;
				CLANG_WARN_OBJC_LITERAL_CONVERSION = YES;
				CLANG_WARN_OBJC_ROOT_CLASS = YES_ERROR;
				CLANG_WARN_RANGE_LOOP_ANALYSIS = YES;
				CLANG_WARN_STRICT_PROTOTYPES = YES;
				CLANG_WARN_SUSPICIOUS_MOVE = YES;
				CLANG_WARN_UNGUARDED_AVAILABILITY = YES_AGGRESSIVE;
				CLANG_WARN_UNREACHABLE_CODE = YES;
				CLANG_WARN__DUPLICATE_METHOD_MATCH = YES;
				CODE_SIGN_IDENTITY = "iPhone Developer";
				COPY_PHASE_STRIP = NO;
				DEBUG_INFORMATION_FORMAT = "dwarf-with-dsym";
				ENABLE_NS_ASSERTIONS = NO;
				ENABLE_STRICT_OBJC_MSGSEND = YES;
				GCC_C_LANGUAGE_STANDARD = gnu11;
				GCC_NO_COMMON_BLOCKS = YES;
				GCC_WARN_64_TO_32_BIT_CONVERSION = YES;
				GCC_WARN_ABOUT_RETURN_TYPE = YES_ERROR;
				GCC_WARN_UNDECLARED_SELECTOR = YES;
				GCC_WARN_UNINITIALIZED_AUTOS = YES_AGGRESSIVE;
				GCC_WARN_UNUSED_FUNCTION = YES;
				GCC_WARN_UNUSED_VARIABLE = YES;
				IPHONEOS_DEPLOYMENT_TARGET = 12.4;
				MTL_ENABLE_DEBUG_INFO = NO;
				MTL_FAST_MATH = YES;
				SDKROOT = iphoneos;
				SWIFT_COMPILATION_MODE = wholemodule;
				SWIFT_OPTIMIZATION_LEVEL = "-O";
				VALIDATE_PRODUCT = YES;
			};
			name = Release;
		};
		92E1069F233A58B700826CE8 /* Debug */ = {
			isa = XCBuildConfiguration;
			buildSettings = {
				ASSETCATALOG_COMPILER_APPICON_NAME = AppIcon;
				CODE_SIGN_STYLE = Automatic;
				DEVELOPMENT_TEAM = FCMBP2AP29;
				INFOPLIST_FILE = DataSourceExample/Info.plist;
				LD_RUNPATH_SEARCH_PATHS = (
					"$(inherited)",
					"@executable_path/Frameworks",
				);
				PRODUCT_BUNDLE_IDENTIFIER = "Serhii-Syrotynin.DataSourceExample";
				PRODUCT_NAME = "$(TARGET_NAME)";
				SWIFT_VERSION = 5.0;
				TARGETED_DEVICE_FAMILY = "1,2";
			};
			name = Debug;
		};
		92E106A0233A58B700826CE8 /* Release */ = {
			isa = XCBuildConfiguration;
			buildSettings = {
				ASSETCATALOG_COMPILER_APPICON_NAME = AppIcon;
				CODE_SIGN_STYLE = Automatic;
				DEVELOPMENT_TEAM = FCMBP2AP29;
				INFOPLIST_FILE = DataSourceExample/Info.plist;
				LD_RUNPATH_SEARCH_PATHS = (
					"$(inherited)",
					"@executable_path/Frameworks",
				);
				PRODUCT_BUNDLE_IDENTIFIER = "Serhii-Syrotynin.DataSourceExample";
				PRODUCT_NAME = "$(TARGET_NAME)";
				SWIFT_VERSION = 5.0;
				TARGETED_DEVICE_FAMILY = "1,2";
			};
			name = Release;
		};
		92E106A2233A58B700826CE8 /* Debug */ = {
			isa = XCBuildConfiguration;
			buildSettings = {
				ALWAYS_EMBED_SWIFT_STANDARD_LIBRARIES = YES;
				BUNDLE_LOADER = "$(TEST_HOST)";
				CODE_SIGN_STYLE = Automatic;
				DEVELOPMENT_TEAM = FCMBP2AP29;
				INFOPLIST_FILE = DataSourceExampleTests/Info.plist;
				LD_RUNPATH_SEARCH_PATHS = (
					"$(inherited)",
					"@executable_path/Frameworks",
					"@loader_path/Frameworks",
				);
				PRODUCT_BUNDLE_IDENTIFIER = "Serhii-Syrotynin.DataSourceExampleTests";
				PRODUCT_NAME = "$(TARGET_NAME)";
				SWIFT_VERSION = 5.0;
				TARGETED_DEVICE_FAMILY = "1,2";
				TEST_HOST = "$(BUILT_PRODUCTS_DIR)/DataSourceExample.app/DataSourceExample";
			};
			name = Debug;
		};
		92E106A3233A58B700826CE8 /* Release */ = {
			isa = XCBuildConfiguration;
			buildSettings = {
				ALWAYS_EMBED_SWIFT_STANDARD_LIBRARIES = YES;
				BUNDLE_LOADER = "$(TEST_HOST)";
				CODE_SIGN_STYLE = Automatic;
				DEVELOPMENT_TEAM = FCMBP2AP29;
				INFOPLIST_FILE = DataSourceExampleTests/Info.plist;
				LD_RUNPATH_SEARCH_PATHS = (
					"$(inherited)",
					"@executable_path/Frameworks",
					"@loader_path/Frameworks",
				);
				PRODUCT_BUNDLE_IDENTIFIER = "Serhii-Syrotynin.DataSourceExampleTests";
				PRODUCT_NAME = "$(TARGET_NAME)";
				SWIFT_VERSION = 5.0;
				TARGETED_DEVICE_FAMILY = "1,2";
				TEST_HOST = "$(BUILT_PRODUCTS_DIR)/DataSourceExample.app/DataSourceExample";
			};
			name = Release;
		};
/* End XCBuildConfiguration section */

/* Begin XCConfigurationList section */
		92E1067C233A58B700826CE8 /* Build configuration list for PBXProject "DataSourceExample" */ = {
			isa = XCConfigurationList;
			buildConfigurations = (
				92E1069C233A58B700826CE8 /* Debug */,
				92E1069D233A58B700826CE8 /* Release */,
			);
			defaultConfigurationIsVisible = 0;
			defaultConfigurationName = Release;
		};
		92E1069E233A58B700826CE8 /* Build configuration list for PBXNativeTarget "DataSourceExample" */ = {
			isa = XCConfigurationList;
			buildConfigurations = (
				92E1069F233A58B700826CE8 /* Debug */,
				92E106A0233A58B700826CE8 /* Release */,
			);
			defaultConfigurationIsVisible = 0;
			defaultConfigurationName = Release;
		};
		92E106A1233A58B700826CE8 /* Build configuration list for PBXNativeTarget "DataSourceExampleTests" */ = {
			isa = XCConfigurationList;
			buildConfigurations = (
				92E106A2233A58B700826CE8 /* Debug */,
				92E106A3233A58B700826CE8 /* Release */,
			);
			defaultConfigurationIsVisible = 0;
			defaultConfigurationName = Release;
		};
/* End XCConfigurationList section */
	};
	rootObject = 92E10679233A58B700826CE8 /* Project object */;
}
